
Microsoft Visual Studio Solution File, Format Version 12.00
# Visual Studio 15
VisualStudioVersion = 15.0.28307.645
MinimumVisualStudioVersion = 10.0.40219.1
Project("{FAE04EC0-301F-11D3-BF4B-00C04F79EFBC}") = "WpfApp1", "WpfApp1\WpfApp1.csproj", "{81603103-57A8-43A0-9954-2CB78D9D917D}"
EndProject
Global
	GlobalSection(SolutionConfigurationPlatforms) = preSolution
		Debug|Any CPU = Debug|Any CPU
		Release|Any CPU = Release|Any CPU
	EndGlobalSection
	GlobalSection(ProjectConfigurationPlatforms) = postSolution
		{81603103-57A8-43A0-9954-2CB78D9D917D}.Debug|Any CPU.ActiveCfg = Debug|Any CPU
		{81603103-57A8-43A0-9954-2CB78D9D917D}.Debug|Any CPU.Build.0 = Debug|Any CPU
		{81603103-57A8-43A0-9954-2CB78D9D917D}.Release|Any CPU.ActiveCfg = Release|Any CPU
		{81603103-57A8-43A0-9954-2CB78D9D917D}.Release|Any CPU.Build.0 = Release|Any CPU
	EndGlobalSection
	GlobalSection(SolutionProperties) = preSolution
		HideSolutionNode = FALSE
	EndGlobalSection
	GlobalSection(ExtensibilityGlobals) = postSolution
		SolutionGuid = {ECAAF4CC-07DA-4A66-8134-8E2624C6AE2F}
	EndGlobalSection
EndGlobal
